
Microsoft Visual Studio Solution File, Format Version 12.00
# Visual Studio 15
VisualStudioVersion = 15.0.26124.0
MinimumVisualStudioVersion = 15.0.26124.0
Project("{2150E333-8FDC-42A3-9474-1A3956D46DE8}") = "00-common", "00-common", "{8E91E1CE-7475-40B2-939D-0A41D5FFE850}"
EndProject
Project("{FAE04EC0-301F-11D3-BF4B-00C04F79EFBC}") = "Formation.Common", "00-common\Formation.Common\Formation.Common.csproj", "{9984DBE9-0A98-458E-991B-B34976AC9D6B}"
EndProject
Project("{2150E333-8FDC-42A3-9474-1A3956D46DE8}") = "01-dal", "01-dal", "{D4DDAFCE-0760-420C-8CD5-9F5073583AA3}"
EndProject
Project("{FAE04EC0-301F-11D3-BF4B-00C04F79EFBC}") = "Formation.Model", "01-dal\Formation.Model\Formation.Model.csproj", "{F6237025-C16F-4F54-9D84-9FB7A491B42B}"
EndProject
Project("{FAE04EC0-301F-11D3-BF4B-00C04F79EFBC}") = "Formation.Queries", "01-dal\Formation.Queries\Formation.Queries.csproj", "{91FE685C-B7D7-40A7-8420-FBD36524E0F3}"
EndProject
Project("{FAE04EC0-301F-11D3-BF4B-00C04F79EFBC}") = "Formation.QueriesTests", "01-dal\Formation.QueriesTests\Formation.QueriesTests.csproj", "{BEC51505-B7A3-4E07-8CBE-EA3E9747EC15}"
EndProject
Project("{2150E333-8FDC-42A3-9474-1A3956D46DE8}") = "02-business", "02-business", "{21396164-469E-494E-8A26-602E38A4E413}"
EndProject
Project("{2150E333-8FDC-42A3-9474-1A3956D46DE8}") = "01-referentiel", "01-referentiel", "{330C743B-0DEE-449E-B384-C724228E9EC0}"
EndProject
Project("{FAE04EC0-301F-11D3-BF4B-00C04F79EFBC}") = "Formation.ReferentielContract", "02-business\01-referentiel\Formation.ReferentielContract\Formation.ReferentielContract.csproj", "{844409FF-532C-4439-B82D-0BAE4A0C3C4A}"
EndProject
Project("{FAE04EC0-301F-11D3-BF4B-00C04F79EFBC}") = "Formation.ReferentielImplementation", "02-business\01-referentiel\Formation.ReferentielImplementation\Formation.ReferentielImplementation.csproj", "{171EF163-F976-4E0F-B971-9C613358C13E}"
EndProject
Project("{FAE04EC0-301F-11D3-BF4B-00C04F79EFBC}") = "Formation.ReferentielTests", "02-business\01-referentiel\Formation.ReferentielTests\Formation.ReferentielTests.csproj", "{7CD8841B-049D-444E-BAA5-0F04A25D3E38}"
EndProject
Project("{2150E333-8FDC-42A3-9474-1A3956D46DE8}") = "02-trainers", "02-trainers", "{82BF45B6-93C5-4065-AD09-2A62202C51AF}"
EndProject
Project("{FAE04EC0-301F-11D3-BF4B-00C04F79EFBC}") = "Formation.TrainersContract", "02-business\02-trainers\Formation.TrainersContract\Formation.TrainersContract.csproj", "{B8654116-C351-4E50-8DBC-EB27A775C7F0}"
EndProject
Project("{FAE04EC0-301F-11D3-BF4B-00C04F79EFBC}") = "Formation.TrainersImplementation", "02-business\02-trainers\Formation.TrainersImplementation\Formation.TrainersImplementation.csproj", "{C33EFEDF-6F8D-489D-BFD9-6353C2C9E775}"
EndProject
Project("{FAE04EC0-301F-11D3-BF4B-00C04F79EFBC}") = "Formation.TrainersTests", "02-business\02-trainers\Formation.TrainersTests\Formation.TrainersTests.csproj", "{3DB5890A-C248-4F39-BD4F-20C740D915C5}"
EndProject
Project("{2150E333-8FDC-42A3-9474-1A3956D46DE8}") = "03-sessions", "03-sessions", "{6BF09062-ED34-4782-B556-A079A963545F}"
EndProject
Project("{FAE04EC0-301F-11D3-BF4B-00C04F79EFBC}") = "Formation.SessionsContract", "02-business\03-sessions\Formation.SessionsContract\Formation.SessionsContract.csproj", "{D7D0542B-3320-4D0E-975D-4EFC3B1AA329}"
EndProject
Project("{FAE04EC0-301F-11D3-BF4B-00C04F79EFBC}") = "Formation.SessionsImplementation", "02-business\03-sessions\Formation.SessionsImplementation\Formation.SessionsImplementation.csproj", "{C53D3521-42DF-40AB-A577-030FB65C3096}"
EndProject
Project("{FAE04EC0-301F-11D3-BF4B-00C04F79EFBC}") = "Formation.SessionsTests", "02-business\03-sessions\Formation.SessionsTests\Formation.SessionsTests.csproj", "{ADBB5199-82EA-48E4-A955-FDF80681C255}"
EndProject
Project("{2150E333-8FDC-42A3-9474-1A3956D46DE8}") = "04-requests", "04-requests", "{155BA3BB-1BDB-44DA-A7DF-6544FB178CE8}"
EndProject
Project("{FAE04EC0-301F-11D3-BF4B-00C04F79EFBC}") = "Formation.RequestsContract", "02-business\04-requests\Formation.RequestsContract\Formation.RequestsContract.csproj", "{24851ECD-2AC2-468E-86FF-17339F5D17B1}"
EndProject
Project("{FAE04EC0-301F-11D3-BF4B-00C04F79EFBC}") = "Formation.RequestsImplementation", "02-business\04-requests\Formation.RequestsImplementation\Formation.RequestsImplementation.csproj", "{C9E6D0D2-C3EA-4AA7-BD89-BEFB26D3369C}"
EndProject
Project("{FAE04EC0-301F-11D3-BF4B-00C04F79EFBC}") = "Formation.RequestsTests", "02-business\04-requests\Formation.RequestsTests\Formation.RequestsTests.csproj", "{8BE136C4-C313-44AA-B997-0506E9AA3F06}"
EndProject
Project("{2150E333-8FDC-42A3-9474-1A3956D46DE8}") = "05-publications", "05-publications", "{CA508058-5CF7-4DF0-888A-929DC99CC902}"
EndProject
Project("{FAE04EC0-301F-11D3-BF4B-00C04F79EFBC}") = "Formation.PublicationsContract", "02-business\05-publications\Formation.PublicationsContract\Formation.PublicationsContract.csproj", "{DA2B04CC-34EE-4349-904E-89C5051E8EEB}"
EndProject
Project("{FAE04EC0-301F-11D3-BF4B-00C04F79EFBC}") = "Formation.PublicationsImplementation", "02-business\05-publications\Formation.PublicationsImplementation\Formation.PublicationsImplementation.csproj", "{383D2B92-BE9F-4AE6-A59A-1905F2FF0715}"
EndProject
Project("{FAE04EC0-301F-11D3-BF4B-00C04F79EFBC}") = "Formation.PublicationsTests", "02-business\05-publications\Formation.PublicationsTests\Formation.PublicationsTests.csproj", "{D910BE67-EF62-4E53-8F70-BB6DDED93B54}"
EndProject
Project("{2150E333-8FDC-42A3-9474-1A3956D46DE8}") = "03-frontend", "03-frontend", "{9A5AF5A9-BF28-4D3A-BC87-3C6D23084EE5}"
EndProject
Project("{FAE04EC0-301F-11D3-BF4B-00C04F79EFBC}") = "Formation.StaffingFrontend", "03-frontend\Formation.StaffingFrontend\Formation.StaffingFrontend.csproj", "{D1EEE2B0-1F1C-42E9-923E-CF762FCD336F}"
EndProject
Project("{FAE04EC0-301F-11D3-BF4B-00C04F79EFBC}") = "Formation.TrainersFrontend", "03-frontend\Formation.TrainersFrontend\Formation.TrainersFrontend.csproj", "{20F5F482-06C7-44E3-B90A-0F062578047D}"
EndProject
Global
	GlobalSection(SolutionConfigurationPlatforms) = preSolution
		Debug|Any CPU = Debug|Any CPU
		Debug|x64 = Debug|x64
		Debug|x86 = Debug|x86
		Release|Any CPU = Release|Any CPU
		Release|x64 = Release|x64
		Release|x86 = Release|x86
	EndGlobalSection
	GlobalSection(SolutionProperties) = preSolution
		HideSolutionNode = FALSE
	EndGlobalSection
	GlobalSection(ProjectConfigurationPlatforms) = postSolution
		{9984DBE9-0A98-458E-991B-B34976AC9D6B}.Debug|Any CPU.ActiveCfg = Debug|Any CPU
		{9984DBE9-0A98-458E-991B-B34976AC9D6B}.Debug|Any CPU.Build.0 = Debug|Any CPU
		{9984DBE9-0A98-458E-991B-B34976AC9D6B}.Debug|x64.ActiveCfg = Debug|Any CPU
		{9984DBE9-0A98-458E-991B-B34976AC9D6B}.Debug|x64.Build.0 = Debug|Any CPU
		{9984DBE9-0A98-458E-991B-B34976AC9D6B}.Debug|x86.ActiveCfg = Debug|Any CPU
		{9984DBE9-0A98-458E-991B-B34976AC9D6B}.Debug|x86.Build.0 = Debug|Any CPU
		{9984DBE9-0A98-458E-991B-B34976AC9D6B}.Release|Any CPU.ActiveCfg = Release|Any CPU
		{9984DBE9-0A98-458E-991B-B34976AC9D6B}.Release|Any CPU.Build.0 = Release|Any CPU
		{9984DBE9-0A98-458E-991B-B34976AC9D6B}.Release|x64.ActiveCfg = Release|Any CPU
		{9984DBE9-0A98-458E-991B-B34976AC9D6B}.Release|x64.Build.0 = Release|Any CPU
		{9984DBE9-0A98-458E-991B-B34976AC9D6B}.Release|x86.ActiveCfg = Release|Any CPU
		{9984DBE9-0A98-458E-991B-B34976AC9D6B}.Release|x86.Build.0 = Release|Any CPU
		{F6237025-C16F-4F54-9D84-9FB7A491B42B}.Debug|Any CPU.ActiveCfg = Debug|Any CPU
		{F6237025-C16F-4F54-9D84-9FB7A491B42B}.Debug|Any CPU.Build.0 = Debug|Any CPU
		{F6237025-C16F-4F54-9D84-9FB7A491B42B}.Debug|x64.ActiveCfg = Debug|Any CPU
		{F6237025-C16F-4F54-9D84-9FB7A491B42B}.Debug|x64.Build.0 = Debug|Any CPU
		{F6237025-C16F-4F54-9D84-9FB7A491B42B}.Debug|x86.ActiveCfg = Debug|Any CPU
		{F6237025-C16F-4F54-9D84-9FB7A491B42B}.Debug|x86.Build.0 = Debug|Any CPU
		{F6237025-C16F-4F54-9D84-9FB7A491B42B}.Release|Any CPU.ActiveCfg = Release|Any CPU
		{F6237025-C16F-4F54-9D84-9FB7A491B42B}.Release|Any CPU.Build.0 = Release|Any CPU
		{F6237025-C16F-4F54-9D84-9FB7A491B42B}.Release|x64.ActiveCfg = Release|Any CPU
		{F6237025-C16F-4F54-9D84-9FB7A491B42B}.Release|x64.Build.0 = Release|Any CPU
		{F6237025-C16F-4F54-9D84-9FB7A491B42B}.Release|x86.ActiveCfg = Release|Any CPU
		{F6237025-C16F-4F54-9D84-9FB7A491B42B}.Release|x86.Build.0 = Release|Any CPU
		{91FE685C-B7D7-40A7-8420-FBD36524E0F3}.Debug|Any CPU.ActiveCfg = Debug|Any CPU
		{91FE685C-B7D7-40A7-8420-FBD36524E0F3}.Debug|Any CPU.Build.0 = Debug|Any CPU
		{91FE685C-B7D7-40A7-8420-FBD36524E0F3}.Debug|x64.ActiveCfg = Debug|Any CPU
		{91FE685C-B7D7-40A7-8420-FBD36524E0F3}.Debug|x64.Build.0 = Debug|Any CPU
		{91FE685C-B7D7-40A7-8420-FBD36524E0F3}.Debug|x86.ActiveCfg = Debug|Any CPU
		{91FE685C-B7D7-40A7-8420-FBD36524E0F3}.Debug|x86.Build.0 = Debug|Any CPU
		{91FE685C-B7D7-40A7-8420-FBD36524E0F3}.Release|Any CPU.ActiveCfg = Release|Any CPU
		{91FE685C-B7D7-40A7-8420-FBD36524E0F3}.Release|Any CPU.Build.0 = Release|Any CPU
		{91FE685C-B7D7-40A7-8420-FBD36524E0F3}.Release|x64.ActiveCfg = Release|Any CPU
		{91FE685C-B7D7-40A7-8420-FBD36524E0F3}.Release|x64.Build.0 = Release|Any CPU
		{91FE685C-B7D7-40A7-8420-FBD36524E0F3}.Release|x86.ActiveCfg = Release|Any CPU
		{91FE685C-B7D7-40A7-8420-FBD36524E0F3}.Release|x86.Build.0 = Release|Any CPU
		{BEC51505-B7A3-4E07-8CBE-EA3E9747EC15}.Debug|Any CPU.ActiveCfg = Debug|Any CPU
		{BEC51505-B7A3-4E07-8CBE-EA3E9747EC15}.Debug|Any CPU.Build.0 = Debug|Any CPU
		{BEC51505-B7A3-4E07-8CBE-EA3E9747EC15}.Debug|x64.ActiveCfg = Debug|Any CPU
		{BEC51505-B7A3-4E07-8CBE-EA3E9747EC15}.Debug|x64.Build.0 = Debug|Any CPU
		{BEC51505-B7A3-4E07-8CBE-EA3E9747EC15}.Debug|x86.ActiveCfg = Debug|Any CPU
		{BEC51505-B7A3-4E07-8CBE-EA3E9747EC15}.Debug|x86.Build.0 = Debug|Any CPU
		{BEC51505-B7A3-4E07-8CBE-EA3E9747EC15}.Release|Any CPU.ActiveCfg = Release|Any CPU
		{BEC51505-B7A3-4E07-8CBE-EA3E9747EC15}.Release|Any CPU.Build.0 = Release|Any CPU
		{BEC51505-B7A3-4E07-8CBE-EA3E9747EC15}.Release|x64.ActiveCfg = Release|Any CPU
		{BEC51505-B7A3-4E07-8CBE-EA3E9747EC15}.Release|x64.Build.0 = Release|Any CPU
		{BEC51505-B7A3-4E07-8CBE-EA3E9747EC15}.Release|x86.ActiveCfg = Release|Any CPU
		{BEC51505-B7A3-4E07-8CBE-EA3E9747EC15}.Release|x86.Build.0 = Release|Any CPU
		{844409FF-532C-4439-B82D-0BAE4A0C3C4A}.Debug|Any CPU.ActiveCfg = Debug|Any CPU
		{844409FF-532C-4439-B82D-0BAE4A0C3C4A}.Debug|Any CPU.Build.0 = Debug|Any CPU
		{844409FF-532C-4439-B82D-0BAE4A0C3C4A}.Debug|x64.ActiveCfg = Debug|Any CPU
		{844409FF-532C-4439-B82D-0BAE4A0C3C4A}.Debug|x64.Build.0 = Debug|Any CPU
		{844409FF-532C-4439-B82D-0BAE4A0C3C4A}.Debug|x86.ActiveCfg = Debug|Any CPU
		{844409FF-532C-4439-B82D-0BAE4A0C3C4A}.Debug|x86.Build.0 = Debug|Any CPU
		{844409FF-532C-4439-B82D-0BAE4A0C3C4A}.Release|Any CPU.ActiveCfg = Release|Any CPU
		{844409FF-532C-4439-B82D-0BAE4A0C3C4A}.Release|Any CPU.Build.0 = Release|Any CPU
		{844409FF-532C-4439-B82D-0BAE4A0C3C4A}.Release|x64.ActiveCfg = Release|Any CPU
		{844409FF-532C-4439-B82D-0BAE4A0C3C4A}.Release|x64.Build.0 = Release|Any CPU
		{844409FF-532C-4439-B82D-0BAE4A0C3C4A}.Release|x86.ActiveCfg = Release|Any CPU
		{844409FF-532C-4439-B82D-0BAE4A0C3C4A}.Release|x86.Build.0 = Release|Any CPU
		{171EF163-F976-4E0F-B971-9C613358C13E}.Debug|Any CPU.ActiveCfg = Debug|Any CPU
		{171EF163-F976-4E0F-B971-9C613358C13E}.Debug|Any CPU.Build.0 = Debug|Any CPU
		{171EF163-F976-4E0F-B971-9C613358C13E}.Debug|x64.ActiveCfg = Debug|Any CPU
		{171EF163-F976-4E0F-B971-9C613358C13E}.Debug|x64.Build.0 = Debug|Any CPU
		{171EF163-F976-4E0F-B971-9C613358C13E}.Debug|x86.ActiveCfg = Debug|Any CPU
		{171EF163-F976-4E0F-B971-9C613358C13E}.Debug|x86.Build.0 = Debug|Any CPU
		{171EF163-F976-4E0F-B971-9C613358C13E}.Release|Any CPU.ActiveCfg = Release|Any CPU
		{171EF163-F976-4E0F-B971-9C613358C13E}.Release|Any CPU.Build.0 = Release|Any CPU
		{171EF163-F976-4E0F-B971-9C613358C13E}.Release|x64.ActiveCfg = Release|Any CPU
		{171EF163-F976-4E0F-B971-9C613358C13E}.Release|x64.Build.0 = Release|Any CPU
		{171EF163-F976-4E0F-B971-9C613358C13E}.Release|x86.ActiveCfg = Release|Any CPU
		{171EF163-F976-4E0F-B971-9C613358C13E}.Release|x86.Build.0 = Release|Any CPU
		{7CD8841B-049D-444E-BAA5-0F04A25D3E38}.Debug|Any CPU.ActiveCfg = Debug|Any CPU
		{7CD8841B-049D-444E-BAA5-0F04A25D3E38}.Debug|Any CPU.Build.0 = Debug|Any CPU
		{7CD8841B-049D-444E-BAA5-0F04A25D3E38}.Debug|x64.ActiveCfg = Debug|Any CPU
		{7CD8841B-049D-444E-BAA5-0F04A25D3E38}.Debug|x64.Build.0 = Debug|Any CPU
		{7CD8841B-049D-444E-BAA5-0F04A25D3E38}.Debug|x86.ActiveCfg = Debug|Any CPU
		{7CD8841B-049D-444E-BAA5-0F04A25D3E38}.Debug|x86.Build.0 = Debug|Any CPU
		{7CD8841B-049D-444E-BAA5-0F04A25D3E38}.Release|Any CPU.ActiveCfg = Release|Any CPU
		{7CD8841B-049D-444E-BAA5-0F04A25D3E38}.Release|Any CPU.Build.0 = Release|Any CPU
		{7CD8841B-049D-444E-BAA5-0F04A25D3E38}.Release|x64.ActiveCfg = Release|Any CPU
		{7CD8841B-049D-444E-BAA5-0F04A25D3E38}.Release|x64.Build.0 = Release|Any CPU
		{7CD8841B-049D-444E-BAA5-0F04A25D3E38}.Release|x86.ActiveCfg = Release|Any CPU
		{7CD8841B-049D-444E-BAA5-0F04A25D3E38}.Release|x86.Build.0 = Release|Any CPU
		{B8654116-C351-4E50-8DBC-EB27A775C7F0}.Debug|Any CPU.ActiveCfg = Debug|Any CPU
		{B8654116-C351-4E50-8DBC-EB27A775C7F0}.Debug|Any CPU.Build.0 = Debug|Any CPU
		{B8654116-C351-4E50-8DBC-EB27A775C7F0}.Debug|x64.ActiveCfg = Debug|Any CPU
		{B8654116-C351-4E50-8DBC-EB27A775C7F0}.Debug|x64.Build.0 = Debug|Any CPU
		{B8654116-C351-4E50-8DBC-EB27A775C7F0}.Debug|x86.ActiveCfg = Debug|Any CPU
		{B8654116-C351-4E50-8DBC-EB27A775C7F0}.Debug|x86.Build.0 = Debug|Any CPU
		{B8654116-C351-4E50-8DBC-EB27A775C7F0}.Release|Any CPU.ActiveCfg = Release|Any CPU
		{B8654116-C351-4E50-8DBC-EB27A775C7F0}.Release|Any CPU.Build.0 = Release|Any CPU
		{B8654116-C351-4E50-8DBC-EB27A775C7F0}.Release|x64.ActiveCfg = Release|Any CPU
		{B8654116-C351-4E50-8DBC-EB27A775C7F0}.Release|x64.Build.0 = Release|Any CPU
		{B8654116-C351-4E50-8DBC-EB27A775C7F0}.Release|x86.ActiveCfg = Release|Any CPU
		{B8654116-C351-4E50-8DBC-EB27A775C7F0}.Release|x86.Build.0 = Release|Any CPU
		{C33EFEDF-6F8D-489D-BFD9-6353C2C9E775}.Debug|Any CPU.ActiveCfg = Debug|Any CPU
		{C33EFEDF-6F8D-489D-BFD9-6353C2C9E775}.Debug|Any CPU.Build.0 = Debug|Any CPU
		{C33EFEDF-6F8D-489D-BFD9-6353C2C9E775}.Debug|x64.ActiveCfg = Debug|Any CPU
		{C33EFEDF-6F8D-489D-BFD9-6353C2C9E775}.Debug|x64.Build.0 = Debug|Any CPU
		{C33EFEDF-6F8D-489D-BFD9-6353C2C9E775}.Debug|x86.ActiveCfg = Debug|Any CPU
		{C33EFEDF-6F8D-489D-BFD9-6353C2C9E775}.Debug|x86.Build.0 = Debug|Any CPU
		{C33EFEDF-6F8D-489D-BFD9-6353C2C9E775}.Release|Any CPU.ActiveCfg = Release|Any CPU
		{C33EFEDF-6F8D-489D-BFD9-6353C2C9E775}.Release|Any CPU.Build.0 = Release|Any CPU
		{C33EFEDF-6F8D-489D-BFD9-6353C2C9E775}.Release|x64.ActiveCfg = Release|Any CPU
		{C33EFEDF-6F8D-489D-BFD9-6353C2C9E775}.Release|x64.Build.0 = Release|Any CPU
		{C33EFEDF-6F8D-489D-BFD9-6353C2C9E775}.Release|x86.ActiveCfg = Release|Any CPU
		{C33EFEDF-6F8D-489D-BFD9-6353C2C9E775}.Release|x86.Build.0 = Release|Any CPU
		{3DB5890A-C248-4F39-BD4F-20C740D915C5}.Debug|Any CPU.ActiveCfg = Debug|Any CPU
		{3DB5890A-C248-4F39-BD4F-20C740D915C5}.Debug|Any CPU.Build.0 = Debug|Any CPU
		{3DB5890A-C248-4F39-BD4F-20C740D915C5}.Debug|x64.ActiveCfg = Debug|Any CPU
		{3DB5890A-C248-4F39-BD4F-20C740D915C5}.Debug|x64.Build.0 = Debug|Any CPU
		{3DB5890A-C248-4F39-BD4F-20C740D915C5}.Debug|x86.ActiveCfg = Debug|Any CPU
		{3DB5890A-C248-4F39-BD4F-20C740D915C5}.Debug|x86.Build.0 = Debug|Any CPU
		{3DB5890A-C248-4F39-BD4F-20C740D915C5}.Release|Any CPU.ActiveCfg = Release|Any CPU
		{3DB5890A-C248-4F39-BD4F-20C740D915C5}.Release|Any CPU.Build.0 = Release|Any CPU
		{3DB5890A-C248-4F39-BD4F-20C740D915C5}.Release|x64.ActiveCfg = Release|Any CPU
		{3DB5890A-C248-4F39-BD4F-20C740D915C5}.Release|x64.Build.0 = Release|Any CPU
		{3DB5890A-C248-4F39-BD4F-20C740D915C5}.Release|x86.ActiveCfg = Release|Any CPU
		{3DB5890A-C248-4F39-BD4F-20C740D915C5}.Release|x86.Build.0 = Release|Any CPU
		{D7D0542B-3320-4D0E-975D-4EFC3B1AA329}.Debug|Any CPU.ActiveCfg = Debug|Any CPU
		{D7D0542B-3320-4D0E-975D-4EFC3B1AA329}.Debug|Any CPU.Build.0 = Debug|Any CPU
		{D7D0542B-3320-4D0E-975D-4EFC3B1AA329}.Debug|x64.ActiveCfg = Debug|Any CPU
		{D7D0542B-3320-4D0E-975D-4EFC3B1AA329}.Debug|x64.Build.0 = Debug|Any CPU
		{D7D0542B-3320-4D0E-975D-4EFC3B1AA329}.Debug|x86.ActiveCfg = Debug|Any CPU
		{D7D0542B-3320-4D0E-975D-4EFC3B1AA329}.Debug|x86.Build.0 = Debug|Any CPU
		{D7D0542B-3320-4D0E-975D-4EFC3B1AA329}.Release|Any CPU.ActiveCfg = Release|Any CPU
		{D7D0542B-3320-4D0E-975D-4EFC3B1AA329}.Release|Any CPU.Build.0 = Release|Any CPU
		{D7D0542B-3320-4D0E-975D-4EFC3B1AA329}.Release|x64.ActiveCfg = Release|Any CPU
		{D7D0542B-3320-4D0E-975D-4EFC3B1AA329}.Release|x64.Build.0 = Release|Any CPU
		{D7D0542B-3320-4D0E-975D-4EFC3B1AA329}.Release|x86.ActiveCfg = Release|Any CPU
		{D7D0542B-3320-4D0E-975D-4EFC3B1AA329}.Release|x86.Build.0 = Release|Any CPU
		{C53D3521-42DF-40AB-A577-030FB65C3096}.Debug|Any CPU.ActiveCfg = Debug|Any CPU
		{C53D3521-42DF-40AB-A577-030FB65C3096}.Debug|Any CPU.Build.0 = Debug|Any CPU
		{C53D3521-42DF-40AB-A577-030FB65C3096}.Debug|x64.ActiveCfg = Debug|Any CPU
		{C53D3521-42DF-40AB-A577-030FB65C3096}.Debug|x64.Build.0 = Debug|Any CPU
		{C53D3521-42DF-40AB-A577-030FB65C3096}.Debug|x86.ActiveCfg = Debug|Any CPU
		{C53D3521-42DF-40AB-A577-030FB65C3096}.Debug|x86.Build.0 = Debug|Any CPU
		{C53D3521-42DF-40AB-A577-030FB65C3096}.Release|Any CPU.ActiveCfg = Release|Any CPU
		{C53D3521-42DF-40AB-A577-030FB65C3096}.Release|Any CPU.Build.0 = Release|Any CPU
		{C53D3521-42DF-40AB-A577-030FB65C3096}.Release|x64.ActiveCfg = Release|Any CPU
		{C53D3521-42DF-40AB-A577-030FB65C3096}.Release|x64.Build.0 = Release|Any CPU
		{C53D3521-42DF-40AB-A577-030FB65C3096}.Release|x86.ActiveCfg = Release|Any CPU
		{C53D3521-42DF-40AB-A577-030FB65C3096}.Release|x86.Build.0 = Release|Any CPU
		{ADBB5199-82EA-48E4-A955-FDF80681C255}.Debug|Any CPU.ActiveCfg = Debug|Any CPU
		{ADBB5199-82EA-48E4-A955-FDF80681C255}.Debug|Any CPU.Build.0 = Debug|Any CPU
		{ADBB5199-82EA-48E4-A955-FDF80681C255}.Debug|x64.ActiveCfg = Debug|Any CPU
		{ADBB5199-82EA-48E4-A955-FDF80681C255}.Debug|x64.Build.0 = Debug|Any CPU
		{ADBB5199-82EA-48E4-A955-FDF80681C255}.Debug|x86.ActiveCfg = Debug|Any CPU
		{ADBB5199-82EA-48E4-A955-FDF80681C255}.Debug|x86.Build.0 = Debug|Any CPU
		{ADBB5199-82EA-48E4-A955-FDF80681C255}.Release|Any CPU.ActiveCfg = Release|Any CPU
		{ADBB5199-82EA-48E4-A955-FDF80681C255}.Release|Any CPU.Build.0 = Release|Any CPU
		{ADBB5199-82EA-48E4-A955-FDF80681C255}.Release|x64.ActiveCfg = Release|Any CPU
		{ADBB5199-82EA-48E4-A955-FDF80681C255}.Release|x64.Build.0 = Release|Any CPU
		{ADBB5199-82EA-48E4-A955-FDF80681C255}.Release|x86.ActiveCfg = Release|Any CPU
		{ADBB5199-82EA-48E4-A955-FDF80681C255}.Release|x86.Build.0 = Release|Any CPU
		{24851ECD-2AC2-468E-86FF-17339F5D17B1}.Debug|Any CPU.ActiveCfg = Debug|Any CPU
		{24851ECD-2AC2-468E-86FF-17339F5D17B1}.Debug|Any CPU.Build.0 = Debug|Any CPU
		{24851ECD-2AC2-468E-86FF-17339F5D17B1}.Debug|x64.ActiveCfg = Debug|Any CPU
		{24851ECD-2AC2-468E-86FF-17339F5D17B1}.Debug|x64.Build.0 = Debug|Any CPU
		{24851ECD-2AC2-468E-86FF-17339F5D17B1}.Debug|x86.ActiveCfg = Debug|Any CPU
		{24851ECD-2AC2-468E-86FF-17339F5D17B1}.Debug|x86.Build.0 = Debug|Any CPU
		{24851ECD-2AC2-468E-86FF-17339F5D17B1}.Release|Any CPU.ActiveCfg = Release|Any CPU
		{24851ECD-2AC2-468E-86FF-17339F5D17B1}.Release|Any CPU.Build.0 = Release|Any CPU
		{24851ECD-2AC2-468E-86FF-17339F5D17B1}.Release|x64.ActiveCfg = Release|Any CPU
		{24851ECD-2AC2-468E-86FF-17339F5D17B1}.Release|x64.Build.0 = Release|Any CPU
		{24851ECD-2AC2-468E-86FF-17339F5D17B1}.Release|x86.ActiveCfg = Release|Any CPU
		{24851ECD-2AC2-468E-86FF-17339F5D17B1}.Release|x86.Build.0 = Release|Any CPU
		{C9E6D0D2-C3EA-4AA7-BD89-BEFB26D3369C}.Debug|Any CPU.ActiveCfg = Debug|Any CPU
		{C9E6D0D2-C3EA-4AA7-BD89-BEFB26D3369C}.Debug|Any CPU.Build.0 = Debug|Any CPU
		{C9E6D0D2-C3EA-4AA7-BD89-BEFB26D3369C}.Debug|x64.ActiveCfg = Debug|Any CPU
		{C9E6D0D2-C3EA-4AA7-BD89-BEFB26D3369C}.Debug|x64.Build.0 = Debug|Any CPU
		{C9E6D0D2-C3EA-4AA7-BD89-BEFB26D3369C}.Debug|x86.ActiveCfg = Debug|Any CPU
		{C9E6D0D2-C3EA-4AA7-BD89-BEFB26D3369C}.Debug|x86.Build.0 = Debug|Any CPU
		{C9E6D0D2-C3EA-4AA7-BD89-BEFB26D3369C}.Release|Any CPU.ActiveCfg = Release|Any CPU
		{C9E6D0D2-C3EA-4AA7-BD89-BEFB26D3369C}.Release|Any CPU.Build.0 = Release|Any CPU
		{C9E6D0D2-C3EA-4AA7-BD89-BEFB26D3369C}.Release|x64.ActiveCfg = Release|Any CPU
		{C9E6D0D2-C3EA-4AA7-BD89-BEFB26D3369C}.Release|x64.Build.0 = Release|Any CPU
		{C9E6D0D2-C3EA-4AA7-BD89-BEFB26D3369C}.Release|x86.ActiveCfg = Release|Any CPU
		{C9E6D0D2-C3EA-4AA7-BD89-BEFB26D3369C}.Release|x86.Build.0 = Release|Any CPU
		{8BE136C4-C313-44AA-B997-0506E9AA3F06}.Debug|Any CPU.ActiveCfg = Debug|Any CPU
		{8BE136C4-C313-44AA-B997-0506E9AA3F06}.Debug|Any CPU.Build.0 = Debug|Any CPU
		{8BE136C4-C313-44AA-B997-0506E9AA3F06}.Debug|x64.ActiveCfg = Debug|Any CPU
		{8BE136C4-C313-44AA-B997-0506E9AA3F06}.Debug|x64.Build.0 = Debug|Any CPU
		{8BE136C4-C313-44AA-B997-0506E9AA3F06}.Debug|x86.ActiveCfg = Debug|Any CPU
		{8BE136C4-C313-44AA-B997-0506E9AA3F06}.Debug|x86.Build.0 = Debug|Any CPU
		{8BE136C4-C313-44AA-B997-0506E9AA3F06}.Release|Any CPU.ActiveCfg = Release|Any CPU
		{8BE136C4-C313-44AA-B997-0506E9AA3F06}.Release|Any CPU.Build.0 = Release|Any CPU
		{8BE136C4-C313-44AA-B997-0506E9AA3F06}.Release|x64.ActiveCfg = Release|Any CPU
		{8BE136C4-C313-44AA-B997-0506E9AA3F06}.Release|x64.Build.0 = Release|Any CPU
		{8BE136C4-C313-44AA-B997-0506E9AA3F06}.Release|x86.ActiveCfg = Release|Any CPU
		{8BE136C4-C313-44AA-B997-0506E9AA3F06}.Release|x86.Build.0 = Release|Any CPU
		{DA2B04CC-34EE-4349-904E-89C5051E8EEB}.Debug|Any CPU.ActiveCfg = Debug|Any CPU
		{DA2B04CC-34EE-4349-904E-89C5051E8EEB}.Debug|Any CPU.Build.0 = Debug|Any CPU
		{DA2B04CC-34EE-4349-904E-89C5051E8EEB}.Debug|x64.ActiveCfg = Debug|Any CPU
		{DA2B04CC-34EE-4349-904E-89C5051E8EEB}.Debug|x64.Build.0 = Debug|Any CPU
		{DA2B04CC-34EE-4349-904E-89C5051E8EEB}.Debug|x86.ActiveCfg = Debug|Any CPU
		{DA2B04CC-34EE-4349-904E-89C5051E8EEB}.Debug|x86.Build.0 = Debug|Any CPU
		{DA2B04CC-34EE-4349-904E-89C5051E8EEB}.Release|Any CPU.ActiveCfg = Release|Any CPU
		{DA2B04CC-34EE-4349-904E-89C5051E8EEB}.Release|Any CPU.Build.0 = Release|Any CPU
		{DA2B04CC-34EE-4349-904E-89C5051E8EEB}.Release|x64.ActiveCfg = Release|Any CPU
		{DA2B04CC-34EE-4349-904E-89C5051E8EEB}.Release|x64.Build.0 = Release|Any CPU
		{DA2B04CC-34EE-4349-904E-89C5051E8EEB}.Release|x86.ActiveCfg = Release|Any CPU
		{DA2B04CC-34EE-4349-904E-89C5051E8EEB}.Release|x86.Build.0 = Release|Any CPU
		{383D2B92-BE9F-4AE6-A59A-1905F2FF0715}.Debug|Any CPU.ActiveCfg = Debug|Any CPU
		{383D2B92-BE9F-4AE6-A59A-1905F2FF0715}.Debug|Any CPU.Build.0 = Debug|Any CPU
		{383D2B92-BE9F-4AE6-A59A-1905F2FF0715}.Debug|x64.ActiveCfg = Debug|Any CPU
		{383D2B92-BE9F-4AE6-A59A-1905F2FF0715}.Debug|x64.Build.0 = Debug|Any CPU
		{383D2B92-BE9F-4AE6-A59A-1905F2FF0715}.Debug|x86.ActiveCfg = Debug|Any CPU
		{383D2B92-BE9F-4AE6-A59A-1905F2FF0715}.Debug|x86.Build.0 = Debug|Any CPU
		{383D2B92-BE9F-4AE6-A59A-1905F2FF0715}.Release|Any CPU.ActiveCfg = Release|Any CPU
		{383D2B92-BE9F-4AE6-A59A-1905F2FF0715}.Release|Any CPU.Build.0 = Release|Any CPU
		{383D2B92-BE9F-4AE6-A59A-1905F2FF0715}.Release|x64.ActiveCfg = Release|Any CPU
		{383D2B92-BE9F-4AE6-A59A-1905F2FF0715}.Release|x64.Build.0 = Release|Any CPU
		{383D2B92-BE9F-4AE6-A59A-1905F2FF0715}.Release|x86.ActiveCfg = Release|Any CPU
		{383D2B92-BE9F-4AE6-A59A-1905F2FF0715}.Release|x86.Build.0 = Release|Any CPU
		{D910BE67-EF62-4E53-8F70-BB6DDED93B54}.Debug|Any CPU.ActiveCfg = Debug|Any CPU
		{D910BE67-EF62-4E53-8F70-BB6DDED93B54}.Debug|Any CPU.Build.0 = Debug|Any CPU
		{D910BE67-EF62-4E53-8F70-BB6DDED93B54}.Debug|x64.ActiveCfg = Debug|Any CPU
		{D910BE67-EF62-4E53-8F70-BB6DDED93B54}.Debug|x64.Build.0 = Debug|Any CPU
		{D910BE67-EF62-4E53-8F70-BB6DDED93B54}.Debug|x86.ActiveCfg = Debug|Any CPU
		{D910BE67-EF62-4E53-8F70-BB6DDED93B54}.Debug|x86.Build.0 = Debug|Any CPU
		{D910BE67-EF62-4E53-8F70-BB6DDED93B54}.Release|Any CPU.ActiveCfg = Release|Any CPU
		{D910BE67-EF62-4E53-8F70-BB6DDED93B54}.Release|Any CPU.Build.0 = Release|Any CPU
		{D910BE67-EF62-4E53-8F70-BB6DDED93B54}.Release|x64.ActiveCfg = Release|Any CPU
		{D910BE67-EF62-4E53-8F70-BB6DDED93B54}.Release|x64.Build.0 = Release|Any CPU
		{D910BE67-EF62-4E53-8F70-BB6DDED93B54}.Release|x86.ActiveCfg = Release|Any CPU
		{D910BE67-EF62-4E53-8F70-BB6DDED93B54}.Release|x86.Build.0 = Release|Any CPU
		{D1EEE2B0-1F1C-42E9-923E-CF762FCD336F}.Debug|Any CPU.ActiveCfg = Debug|Any CPU
		{D1EEE2B0-1F1C-42E9-923E-CF762FCD336F}.Debug|Any CPU.Build.0 = Debug|Any CPU
		{D1EEE2B0-1F1C-42E9-923E-CF762FCD336F}.Debug|x64.ActiveCfg = Debug|Any CPU
		{D1EEE2B0-1F1C-42E9-923E-CF762FCD336F}.Debug|x64.Build.0 = Debug|Any CPU
		{D1EEE2B0-1F1C-42E9-923E-CF762FCD336F}.Debug|x86.ActiveCfg = Debug|Any CPU
		{D1EEE2B0-1F1C-42E9-923E-CF762FCD336F}.Debug|x86.Build.0 = Debug|Any CPU
		{D1EEE2B0-1F1C-42E9-923E-CF762FCD336F}.Release|Any CPU.ActiveCfg = Release|Any CPU
		{D1EEE2B0-1F1C-42E9-923E-CF762FCD336F}.Release|Any CPU.Build.0 = Release|Any CPU
		{D1EEE2B0-1F1C-42E9-923E-CF762FCD336F}.Release|x64.ActiveCfg = Release|Any CPU
		{D1EEE2B0-1F1C-42E9-923E-CF762FCD336F}.Release|x64.Build.0 = Release|Any CPU
		{D1EEE2B0-1F1C-42E9-923E-CF762FCD336F}.Release|x86.ActiveCfg = Release|Any CPU
		{D1EEE2B0-1F1C-42E9-923E-CF762FCD336F}.Release|x86.Build.0 = Release|Any CPU
		{20F5F482-06C7-44E3-B90A-0F062578047D}.Debug|Any CPU.ActiveCfg = Debug|Any CPU
		{20F5F482-06C7-44E3-B90A-0F062578047D}.Debug|Any CPU.Build.0 = Debug|Any CPU
		{20F5F482-06C7-44E3-B90A-0F062578047D}.Debug|x64.ActiveCfg = Debug|Any CPU
		{20F5F482-06C7-44E3-B90A-0F062578047D}.Debug|x64.Build.0 = Debug|Any CPU
		{20F5F482-06C7-44E3-B90A-0F062578047D}.Debug|x86.ActiveCfg = Debug|Any CPU
		{20F5F482-06C7-44E3-B90A-0F062578047D}.Debug|x86.Build.0 = Debug|Any CPU
		{20F5F482-06C7-44E3-B90A-0F062578047D}.Release|Any CPU.ActiveCfg = Release|Any CPU
		{20F5F482-06C7-44E3-B90A-0F062578047D}.Release|Any CPU.Build.0 = Release|Any CPU
		{20F5F482-06C7-44E3-B90A-0F062578047D}.Release|x64.ActiveCfg = Release|Any CPU
		{20F5F482-06C7-44E3-B90A-0F062578047D}.Release|x64.Build.0 = Release|Any CPU
		{20F5F482-06C7-44E3-B90A-0F062578047D}.Release|x86.ActiveCfg = Release|Any CPU
		{20F5F482-06C7-44E3-B90A-0F062578047D}.Release|x86.Build.0 = Release|Any CPU
	EndGlobalSection
	GlobalSection(NestedProjects) = preSolution
		{9984DBE9-0A98-458E-991B-B34976AC9D6B} = {8E91E1CE-7475-40B2-939D-0A41D5FFE850}
		{F6237025-C16F-4F54-9D84-9FB7A491B42B} = {D4DDAFCE-0760-420C-8CD5-9F5073583AA3}
		{91FE685C-B7D7-40A7-8420-FBD36524E0F3} = {D4DDAFCE-0760-420C-8CD5-9F5073583AA3}
		{BEC51505-B7A3-4E07-8CBE-EA3E9747EC15} = {D4DDAFCE-0760-420C-8CD5-9F5073583AA3}
		{330C743B-0DEE-449E-B384-C724228E9EC0} = {21396164-469E-494E-8A26-602E38A4E413}
		{844409FF-532C-4439-B82D-0BAE4A0C3C4A} = {330C743B-0DEE-449E-B384-C724228E9EC0}
		{171EF163-F976-4E0F-B971-9C613358C13E} = {330C743B-0DEE-449E-B384-C724228E9EC0}
		{7CD8841B-049D-444E-BAA5-0F04A25D3E38} = {330C743B-0DEE-449E-B384-C724228E9EC0}
		{82BF45B6-93C5-4065-AD09-2A62202C51AF} = {21396164-469E-494E-8A26-602E38A4E413}
		{B8654116-C351-4E50-8DBC-EB27A775C7F0} = {82BF45B6-93C5-4065-AD09-2A62202C51AF}
		{C33EFEDF-6F8D-489D-BFD9-6353C2C9E775} = {82BF45B6-93C5-4065-AD09-2A62202C51AF}
		{3DB5890A-C248-4F39-BD4F-20C740D915C5} = {82BF45B6-93C5-4065-AD09-2A62202C51AF}
		{6BF09062-ED34-4782-B556-A079A963545F} = {21396164-469E-494E-8A26-602E38A4E413}
		{D7D0542B-3320-4D0E-975D-4EFC3B1AA329} = {6BF09062-ED34-4782-B556-A079A963545F}
		{C53D3521-42DF-40AB-A577-030FB65C3096} = {6BF09062-ED34-4782-B556-A079A963545F}
		{ADBB5199-82EA-48E4-A955-FDF80681C255} = {6BF09062-ED34-4782-B556-A079A963545F}
		{155BA3BB-1BDB-44DA-A7DF-6544FB178CE8} = {21396164-469E-494E-8A26-602E38A4E413}
		{24851ECD-2AC2-468E-86FF-17339F5D17B1} = {155BA3BB-1BDB-44DA-A7DF-6544FB178CE8}
		{C9E6D0D2-C3EA-4AA7-BD89-BEFB26D3369C} = {155BA3BB-1BDB-44DA-A7DF-6544FB178CE8}
		{8BE136C4-C313-44AA-B997-0506E9AA3F06} = {155BA3BB-1BDB-44DA-A7DF-6544FB178CE8}
		{CA508058-5CF7-4DF0-888A-929DC99CC902} = {21396164-469E-494E-8A26-602E38A4E413}
		{DA2B04CC-34EE-4349-904E-89C5051E8EEB} = {CA508058-5CF7-4DF0-888A-929DC99CC902}
		{383D2B92-BE9F-4AE6-A59A-1905F2FF0715} = {CA508058-5CF7-4DF0-888A-929DC99CC902}
		{D910BE67-EF62-4E53-8F70-BB6DDED93B54} = {CA508058-5CF7-4DF0-888A-929DC99CC902}
		{D1EEE2B0-1F1C-42E9-923E-CF762FCD336F} = {9A5AF5A9-BF28-4D3A-BC87-3C6D23084EE5}
		{20F5F482-06C7-44E3-B90A-0F062578047D} = {9A5AF5A9-BF28-4D3A-BC87-3C6D23084EE5}
	EndGlobalSection
EndGlobal
